
Microsoft Visual Studio Solution File, Format Version 12.00
# Visual Studio Version 17
VisualStudioVersion = 17.9.34728.123
MinimumVisualStudioVersion = 10.0.40219.1
Project("{9A19103F-16F7-4668-BE54-9A1E7A4F7556}") = "RestAPInBlog", "RestAPInBlog\RestAPInBlog.csproj", "{8C0687B1-B7C8-4025-8427-C84D7A1F9B32}"
EndProject
Project("{FAE04EC0-301F-11D3-BF4B-00C04F79EFBC}") = "WCFnBlogServices", "WCFnBlogServices\WCFnBlogServices.csproj", "{F45E827D-0655-47CF-8C37-6ED3A50822BE}"
EndProject
Global
	GlobalSection(SolutionConfigurationPlatforms) = preSolution
		Debug|Any CPU = Debug|Any CPU
		Release|Any CPU = Release|Any CPU
	EndGlobalSection
	GlobalSection(ProjectConfigurationPlatforms) = postSolution
		{8C0687B1-B7C8-4025-8427-C84D7A1F9B32}.Debug|Any CPU.ActiveCfg = Debug|Any CPU
		{8C0687B1-B7C8-4025-8427-C84D7A1F9B32}.Debug|Any CPU.Build.0 = Debug|Any CPU
		{8C0687B1-B7C8-4025-8427-C84D7A1F9B32}.Release|Any CPU.ActiveCfg = Release|Any CPU
		{8C0687B1-B7C8-4025-8427-C84D7A1F9B32}.Release|Any CPU.Build.0 = Release|Any CPU
		{F45E827D-0655-47CF-8C37-6ED3A50822BE}.Debug|Any CPU.ActiveCfg = Debug|Any CPU
		{F45E827D-0655-47CF-8C37-6ED3A50822BE}.Debug|Any CPU.Build.0 = Debug|Any CPU
		{F45E827D-0655-47CF-8C37-6ED3A50822BE}.Release|Any CPU.ActiveCfg = Release|Any CPU
		{F45E827D-0655-47CF-8C37-6ED3A50822BE}.Release|Any CPU.Build.0 = Release|Any CPU
	EndGlobalSection
	GlobalSection(SolutionProperties) = preSolution
		HideSolutionNode = FALSE
	EndGlobalSection
	GlobalSection(ExtensibilityGlobals) = postSolution
		SolutionGuid = {193BB987-9CFA-42C2-BC01-9CB80B6911D1}
	EndGlobalSection
EndGlobal
