
Microsoft Visual Studio Solution File, Format Version 12.00
# Visual Studio Version 17
VisualStudioVersion = 17.9.34728.123
MinimumVisualStudioVersion = 10.0.40219.1
Project("{9A19103F-16F7-4668-BE54-9A1E7A4F7556}") = "RestAPInBlog", "RestAPInBlog\RestAPInBlog.csproj", "{8C0687B1-B7C8-4025-8427-C84D7A1F9B32}"
EndProject
Project("{FAE04EC0-301F-11D3-BF4B-00C04F79EFBC}") = "WCFnBlogServices", "WCFnBlogServices\WCFnBlogServices.csproj", "{F45E827D-0655-47CF-8C37-6ED3A50822BE}"
EndProject
Project("{FAE04EC0-301F-11D3-BF4B-00C04F79EFBC}") = "AppMobilenBlog.UWP", "AppMobilenBlog\AppMobilenBlog.UWP\AppMobilenBlog.UWP.csproj", "{F6A0C09D-B164-4AF4-8855-BEB4881224E3}"
EndProject
Project("{FAE04EC0-301F-11D3-BF4B-00C04F79EFBC}") = "AppMobilenBlog.Android", "AppMobilenBlog\AppMobilenBlog.Android\AppMobilenBlog.Android.csproj", "{A413C949-303D-4125-ABCA-CBC269B8417A}"
EndProject
Project("{FAE04EC0-301F-11D3-BF4B-00C04F79EFBC}") = "AppMobilenBlog.iOS", "AppMobilenBlog\AppMobilenBlog.iOS\AppMobilenBlog.iOS.csproj", "{D1DC5C0D-2E5C-40C1-BDE9-2487CC702063}"
EndProject
Project("{FAE04EC0-301F-11D3-BF4B-00C04F79EFBC}") = "AppMobilenBlog", "AppMobilenBlog\AppMobilenBlog\AppMobilenBlog.csproj", "{EAECE744-D37C-42CE-A981-9E6CC2FA9B4A}"
EndProject
Global
	GlobalSection(SolutionConfigurationPlatforms) = preSolution
		Debug|Any CPU = Debug|Any CPU
		Debug|ARM = Debug|ARM
		Debug|iPhone = Debug|iPhone
		Debug|iPhoneSimulator = Debug|iPhoneSimulator
		Debug|x64 = Debug|x64
		Debug|x86 = Debug|x86
		Release|Any CPU = Release|Any CPU
		Release|ARM = Release|ARM
		Release|iPhone = Release|iPhone
		Release|iPhoneSimulator = Release|iPhoneSimulator
		Release|x64 = Release|x64
		Release|x86 = Release|x86
	EndGlobalSection
	GlobalSection(ProjectConfigurationPlatforms) = postSolution
		{8C0687B1-B7C8-4025-8427-C84D7A1F9B32}.Debug|Any CPU.ActiveCfg = Debug|Any CPU
		{8C0687B1-B7C8-4025-8427-C84D7A1F9B32}.Debug|Any CPU.Build.0 = Debug|Any CPU
		{8C0687B1-B7C8-4025-8427-C84D7A1F9B32}.Debug|ARM.ActiveCfg = Debug|Any CPU
		{8C0687B1-B7C8-4025-8427-C84D7A1F9B32}.Debug|ARM.Build.0 = Debug|Any CPU
		{8C0687B1-B7C8-4025-8427-C84D7A1F9B32}.Debug|iPhone.ActiveCfg = Debug|Any CPU
		{8C0687B1-B7C8-4025-8427-C84D7A1F9B32}.Debug|iPhone.Build.0 = Debug|Any CPU
		{8C0687B1-B7C8-4025-8427-C84D7A1F9B32}.Debug|iPhoneSimulator.ActiveCfg = Debug|Any CPU
		{8C0687B1-B7C8-4025-8427-C84D7A1F9B32}.Debug|iPhoneSimulator.Build.0 = Debug|Any CPU
		{8C0687B1-B7C8-4025-8427-C84D7A1F9B32}.Debug|x64.ActiveCfg = Debug|Any CPU
		{8C0687B1-B7C8-4025-8427-C84D7A1F9B32}.Debug|x64.Build.0 = Debug|Any CPU
		{8C0687B1-B7C8-4025-8427-C84D7A1F9B32}.Debug|x86.ActiveCfg = Debug|Any CPU
		{8C0687B1-B7C8-4025-8427-C84D7A1F9B32}.Debug|x86.Build.0 = Debug|Any CPU
		{8C0687B1-B7C8-4025-8427-C84D7A1F9B32}.Release|Any CPU.ActiveCfg = Release|Any CPU
		{8C0687B1-B7C8-4025-8427-C84D7A1F9B32}.Release|Any CPU.Build.0 = Release|Any CPU
		{8C0687B1-B7C8-4025-8427-C84D7A1F9B32}.Release|ARM.ActiveCfg = Release|Any CPU
		{8C0687B1-B7C8-4025-8427-C84D7A1F9B32}.Release|ARM.Build.0 = Release|Any CPU
		{8C0687B1-B7C8-4025-8427-C84D7A1F9B32}.Release|iPhone.ActiveCfg = Release|Any CPU
		{8C0687B1-B7C8-4025-8427-C84D7A1F9B32}.Release|iPhone.Build.0 = Release|Any CPU
		{8C0687B1-B7C8-4025-8427-C84D7A1F9B32}.Release|iPhoneSimulator.ActiveCfg = Release|Any CPU
		{8C0687B1-B7C8-4025-8427-C84D7A1F9B32}.Release|iPhoneSimulator.Build.0 = Release|Any CPU
		{8C0687B1-B7C8-4025-8427-C84D7A1F9B32}.Release|x64.ActiveCfg = Release|Any CPU
		{8C0687B1-B7C8-4025-8427-C84D7A1F9B32}.Release|x64.Build.0 = Release|Any CPU
		{8C0687B1-B7C8-4025-8427-C84D7A1F9B32}.Release|x86.ActiveCfg = Release|Any CPU
		{8C0687B1-B7C8-4025-8427-C84D7A1F9B32}.Release|x86.Build.0 = Release|Any CPU
		{F45E827D-0655-47CF-8C37-6ED3A50822BE}.Debug|Any CPU.ActiveCfg = Debug|Any CPU
		{F45E827D-0655-47CF-8C37-6ED3A50822BE}.Debug|Any CPU.Build.0 = Debug|Any CPU
		{F45E827D-0655-47CF-8C37-6ED3A50822BE}.Debug|ARM.ActiveCfg = Debug|Any CPU
		{F45E827D-0655-47CF-8C37-6ED3A50822BE}.Debug|ARM.Build.0 = Debug|Any CPU
		{F45E827D-0655-47CF-8C37-6ED3A50822BE}.Debug|iPhone.ActiveCfg = Debug|Any CPU
		{F45E827D-0655-47CF-8C37-6ED3A50822BE}.Debug|iPhone.Build.0 = Debug|Any CPU
		{F45E827D-0655-47CF-8C37-6ED3A50822BE}.Debug|iPhoneSimulator.ActiveCfg = Debug|Any CPU
		{F45E827D-0655-47CF-8C37-6ED3A50822BE}.Debug|iPhoneSimulator.Build.0 = Debug|Any CPU
		{F45E827D-0655-47CF-8C37-6ED3A50822BE}.Debug|x64.ActiveCfg = Debug|Any CPU
		{F45E827D-0655-47CF-8C37-6ED3A50822BE}.Debug|x64.Build.0 = Debug|Any CPU
		{F45E827D-0655-47CF-8C37-6ED3A50822BE}.Debug|x86.ActiveCfg = Debug|Any CPU
		{F45E827D-0655-47CF-8C37-6ED3A50822BE}.Debug|x86.Build.0 = Debug|Any CPU
		{F45E827D-0655-47CF-8C37-6ED3A50822BE}.Release|Any CPU.ActiveCfg = Release|Any CPU
		{F45E827D-0655-47CF-8C37-6ED3A50822BE}.Release|Any CPU.Build.0 = Release|Any CPU
		{F45E827D-0655-47CF-8C37-6ED3A50822BE}.Release|ARM.ActiveCfg = Release|Any CPU
		{F45E827D-0655-47CF-8C37-6ED3A50822BE}.Release|ARM.Build.0 = Release|Any CPU
		{F45E827D-0655-47CF-8C37-6ED3A50822BE}.Release|iPhone.ActiveCfg = Release|Any CPU
		{F45E827D-0655-47CF-8C37-6ED3A50822BE}.Release|iPhone.Build.0 = Release|Any CPU
		{F45E827D-0655-47CF-8C37-6ED3A50822BE}.Release|iPhoneSimulator.ActiveCfg = Release|Any CPU
		{F45E827D-0655-47CF-8C37-6ED3A50822BE}.Release|iPhoneSimulator.Build.0 = Release|Any CPU
		{F45E827D-0655-47CF-8C37-6ED3A50822BE}.Release|x64.ActiveCfg = Release|Any CPU
		{F45E827D-0655-47CF-8C37-6ED3A50822BE}.Release|x64.Build.0 = Release|Any CPU
		{F45E827D-0655-47CF-8C37-6ED3A50822BE}.Release|x86.ActiveCfg = Release|Any CPU
		{F45E827D-0655-47CF-8C37-6ED3A50822BE}.Release|x86.Build.0 = Release|Any CPU
		{F6A0C09D-B164-4AF4-8855-BEB4881224E3}.Debug|Any CPU.ActiveCfg = Debug|x64
		{F6A0C09D-B164-4AF4-8855-BEB4881224E3}.Debug|Any CPU.Build.0 = Debug|x64
		{F6A0C09D-B164-4AF4-8855-BEB4881224E3}.Debug|Any CPU.Deploy.0 = Debug|x64
		{F6A0C09D-B164-4AF4-8855-BEB4881224E3}.Debug|ARM.ActiveCfg = Debug|ARM
		{F6A0C09D-B164-4AF4-8855-BEB4881224E3}.Debug|ARM.Build.0 = Debug|ARM
		{F6A0C09D-B164-4AF4-8855-BEB4881224E3}.Debug|ARM.Deploy.0 = Debug|ARM
		{F6A0C09D-B164-4AF4-8855-BEB4881224E3}.Debug|iPhone.ActiveCfg = Debug|x64
		{F6A0C09D-B164-4AF4-8855-BEB4881224E3}.Debug|iPhone.Build.0 = Debug|x64
		{F6A0C09D-B164-4AF4-8855-BEB4881224E3}.Debug|iPhone.Deploy.0 = Debug|x64
		{F6A0C09D-B164-4AF4-8855-BEB4881224E3}.Debug|iPhoneSimulator.ActiveCfg = Debug|x64
		{F6A0C09D-B164-4AF4-8855-BEB4881224E3}.Debug|iPhoneSimulator.Build.0 = Debug|x64
		{F6A0C09D-B164-4AF4-8855-BEB4881224E3}.Debug|iPhoneSimulator.Deploy.0 = Debug|x64
		{F6A0C09D-B164-4AF4-8855-BEB4881224E3}.Debug|x64.ActiveCfg = Debug|x64
		{F6A0C09D-B164-4AF4-8855-BEB4881224E3}.Debug|x64.Build.0 = Debug|x64
		{F6A0C09D-B164-4AF4-8855-BEB4881224E3}.Debug|x64.Deploy.0 = Debug|x64
		{F6A0C09D-B164-4AF4-8855-BEB4881224E3}.Debug|x86.ActiveCfg = Debug|x86
		{F6A0C09D-B164-4AF4-8855-BEB4881224E3}.Debug|x86.Build.0 = Debug|x86
		{F6A0C09D-B164-4AF4-8855-BEB4881224E3}.Debug|x86.Deploy.0 = Debug|x86
		{F6A0C09D-B164-4AF4-8855-BEB4881224E3}.Release|Any CPU.ActiveCfg = Release|x64
		{F6A0C09D-B164-4AF4-8855-BEB4881224E3}.Release|Any CPU.Build.0 = Release|x64
		{F6A0C09D-B164-4AF4-8855-BEB4881224E3}.Release|Any CPU.Deploy.0 = Release|x64
		{F6A0C09D-B164-4AF4-8855-BEB4881224E3}.Release|ARM.ActiveCfg = Release|ARM
		{F6A0C09D-B164-4AF4-8855-BEB4881224E3}.Release|ARM.Build.0 = Release|ARM
		{F6A0C09D-B164-4AF4-8855-BEB4881224E3}.Release|ARM.Deploy.0 = Release|ARM
		{F6A0C09D-B164-4AF4-8855-BEB4881224E3}.Release|iPhone.ActiveCfg = Release|x64
		{F6A0C09D-B164-4AF4-8855-BEB4881224E3}.Release|iPhone.Build.0 = Release|x64
		{F6A0C09D-B164-4AF4-8855-BEB4881224E3}.Release|iPhone.Deploy.0 = Release|x64
		{F6A0C09D-B164-4AF4-8855-BEB4881224E3}.Release|iPhoneSimulator.ActiveCfg = Release|x64
		{F6A0C09D-B164-4AF4-8855-BEB4881224E3}.Release|iPhoneSimulator.Build.0 = Release|x64
		{F6A0C09D-B164-4AF4-8855-BEB4881224E3}.Release|iPhoneSimulator.Deploy.0 = Release|x64
		{F6A0C09D-B164-4AF4-8855-BEB4881224E3}.Release|x64.ActiveCfg = Release|x64
		{F6A0C09D-B164-4AF4-8855-BEB4881224E3}.Release|x64.Build.0 = Release|x64
		{F6A0C09D-B164-4AF4-8855-BEB4881224E3}.Release|x64.Deploy.0 = Release|x64
		{F6A0C09D-B164-4AF4-8855-BEB4881224E3}.Release|x86.ActiveCfg = Release|x86
		{F6A0C09D-B164-4AF4-8855-BEB4881224E3}.Release|x86.Build.0 = Release|x86
		{F6A0C09D-B164-4AF4-8855-BEB4881224E3}.Release|x86.Deploy.0 = Release|x86
		{A413C949-303D-4125-ABCA-CBC269B8417A}.Debug|Any CPU.ActiveCfg = Debug|Any CPU
		{A413C949-303D-4125-ABCA-CBC269B8417A}.Debug|Any CPU.Build.0 = Debug|Any CPU
		{A413C949-303D-4125-ABCA-CBC269B8417A}.Debug|Any CPU.Deploy.0 = Debug|Any CPU
		{A413C949-303D-4125-ABCA-CBC269B8417A}.Debug|ARM.ActiveCfg = Debug|Any CPU
		{A413C949-303D-4125-ABCA-CBC269B8417A}.Debug|ARM.Build.0 = Debug|Any CPU
		{A413C949-303D-4125-ABCA-CBC269B8417A}.Debug|ARM.Deploy.0 = Debug|Any CPU
		{A413C949-303D-4125-ABCA-CBC269B8417A}.Debug|iPhone.ActiveCfg = Debug|Any CPU
		{A413C949-303D-4125-ABCA-CBC269B8417A}.Debug|iPhone.Build.0 = Debug|Any CPU
		{A413C949-303D-4125-ABCA-CBC269B8417A}.Debug|iPhone.Deploy.0 = Debug|Any CPU
		{A413C949-303D-4125-ABCA-CBC269B8417A}.Debug|iPhoneSimulator.ActiveCfg = Debug|Any CPU
		{A413C949-303D-4125-ABCA-CBC269B8417A}.Debug|iPhoneSimulator.Build.0 = Debug|Any CPU
		{A413C949-303D-4125-ABCA-CBC269B8417A}.Debug|iPhoneSimulator.Deploy.0 = Debug|Any CPU
		{A413C949-303D-4125-ABCA-CBC269B8417A}.Debug|x64.ActiveCfg = Debug|Any CPU
		{A413C949-303D-4125-ABCA-CBC269B8417A}.Debug|x64.Build.0 = Debug|Any CPU
		{A413C949-303D-4125-ABCA-CBC269B8417A}.Debug|x64.Deploy.0 = Debug|Any CPU
		{A413C949-303D-4125-ABCA-CBC269B8417A}.Debug|x86.ActiveCfg = Debug|Any CPU
		{A413C949-303D-4125-ABCA-CBC269B8417A}.Debug|x86.Build.0 = Debug|Any CPU
		{A413C949-303D-4125-ABCA-CBC269B8417A}.Debug|x86.Deploy.0 = Debug|Any CPU
		{A413C949-303D-4125-ABCA-CBC269B8417A}.Release|Any CPU.ActiveCfg = Release|Any CPU
		{A413C949-303D-4125-ABCA-CBC269B8417A}.Release|Any CPU.Build.0 = Release|Any CPU
		{A413C949-303D-4125-ABCA-CBC269B8417A}.Release|Any CPU.Deploy.0 = Release|Any CPU
		{A413C949-303D-4125-ABCA-CBC269B8417A}.Release|ARM.ActiveCfg = Release|Any CPU
		{A413C949-303D-4125-ABCA-CBC269B8417A}.Release|ARM.Build.0 = Release|Any CPU
		{A413C949-303D-4125-ABCA-CBC269B8417A}.Release|ARM.Deploy.0 = Release|Any CPU
		{A413C949-303D-4125-ABCA-CBC269B8417A}.Release|iPhone.ActiveCfg = Release|Any CPU
		{A413C949-303D-4125-ABCA-CBC269B8417A}.Release|iPhone.Build.0 = Release|Any CPU
		{A413C949-303D-4125-ABCA-CBC269B8417A}.Release|iPhone.Deploy.0 = Release|Any CPU
		{A413C949-303D-4125-ABCA-CBC269B8417A}.Release|iPhoneSimulator.ActiveCfg = Release|Any CPU
		{A413C949-303D-4125-ABCA-CBC269B8417A}.Release|iPhoneSimulator.Build.0 = Release|Any CPU
		{A413C949-303D-4125-ABCA-CBC269B8417A}.Release|iPhoneSimulator.Deploy.0 = Release|Any CPU
		{A413C949-303D-4125-ABCA-CBC269B8417A}.Release|x64.ActiveCfg = Release|Any CPU
		{A413C949-303D-4125-ABCA-CBC269B8417A}.Release|x64.Build.0 = Release|Any CPU
		{A413C949-303D-4125-ABCA-CBC269B8417A}.Release|x64.Deploy.0 = Release|Any CPU
		{A413C949-303D-4125-ABCA-CBC269B8417A}.Release|x86.ActiveCfg = Release|Any CPU
		{A413C949-303D-4125-ABCA-CBC269B8417A}.Release|x86.Build.0 = Release|Any CPU
		{A413C949-303D-4125-ABCA-CBC269B8417A}.Release|x86.Deploy.0 = Release|Any CPU
		{D1DC5C0D-2E5C-40C1-BDE9-2487CC702063}.Debug|Any CPU.ActiveCfg = Debug|iPhoneSimulator
		{D1DC5C0D-2E5C-40C1-BDE9-2487CC702063}.Debug|Any CPU.Build.0 = Debug|iPhoneSimulator
		{D1DC5C0D-2E5C-40C1-BDE9-2487CC702063}.Debug|ARM.ActiveCfg = Debug|iPhoneSimulator
		{D1DC5C0D-2E5C-40C1-BDE9-2487CC702063}.Debug|ARM.Build.0 = Debug|iPhoneSimulator
		{D1DC5C0D-2E5C-40C1-BDE9-2487CC702063}.Debug|iPhone.ActiveCfg = Debug|iPhone
		{D1DC5C0D-2E5C-40C1-BDE9-2487CC702063}.Debug|iPhone.Build.0 = Debug|iPhone
		{D1DC5C0D-2E5C-40C1-BDE9-2487CC702063}.Debug|iPhoneSimulator.ActiveCfg = Debug|iPhoneSimulator
		{D1DC5C0D-2E5C-40C1-BDE9-2487CC702063}.Debug|iPhoneSimulator.Build.0 = Debug|iPhoneSimulator
		{D1DC5C0D-2E5C-40C1-BDE9-2487CC702063}.Debug|x64.ActiveCfg = Debug|iPhoneSimulator
		{D1DC5C0D-2E5C-40C1-BDE9-2487CC702063}.Debug|x64.Build.0 = Debug|iPhoneSimulator
		{D1DC5C0D-2E5C-40C1-BDE9-2487CC702063}.Debug|x86.ActiveCfg = Debug|iPhoneSimulator
		{D1DC5C0D-2E5C-40C1-BDE9-2487CC702063}.Debug|x86.Build.0 = Debug|iPhoneSimulator
		{D1DC5C0D-2E5C-40C1-BDE9-2487CC702063}.Release|Any CPU.ActiveCfg = Release|iPhoneSimulator
		{D1DC5C0D-2E5C-40C1-BDE9-2487CC702063}.Release|Any CPU.Build.0 = Release|iPhoneSimulator
		{D1DC5C0D-2E5C-40C1-BDE9-2487CC702063}.Release|ARM.ActiveCfg = Release|iPhoneSimulator
		{D1DC5C0D-2E5C-40C1-BDE9-2487CC702063}.Release|ARM.Build.0 = Release|iPhoneSimulator
		{D1DC5C0D-2E5C-40C1-BDE9-2487CC702063}.Release|iPhone.ActiveCfg = Release|iPhone
		{D1DC5C0D-2E5C-40C1-BDE9-2487CC702063}.Release|iPhone.Build.0 = Release|iPhone
		{D1DC5C0D-2E5C-40C1-BDE9-2487CC702063}.Release|iPhoneSimulator.ActiveCfg = Release|iPhoneSimulator
		{D1DC5C0D-2E5C-40C1-BDE9-2487CC702063}.Release|iPhoneSimulator.Build.0 = Release|iPhoneSimulator
		{D1DC5C0D-2E5C-40C1-BDE9-2487CC702063}.Release|x64.ActiveCfg = Release|iPhoneSimulator
		{D1DC5C0D-2E5C-40C1-BDE9-2487CC702063}.Release|x64.Build.0 = Release|iPhoneSimulator
		{D1DC5C0D-2E5C-40C1-BDE9-2487CC702063}.Release|x86.ActiveCfg = Release|iPhoneSimulator
		{D1DC5C0D-2E5C-40C1-BDE9-2487CC702063}.Release|x86.Build.0 = Release|iPhoneSimulator
		{EAECE744-D37C-42CE-A981-9E6CC2FA9B4A}.Debug|Any CPU.ActiveCfg = Debug|Any CPU
		{EAECE744-D37C-42CE-A981-9E6CC2FA9B4A}.Debug|Any CPU.Build.0 = Debug|Any CPU
		{EAECE744-D37C-42CE-A981-9E6CC2FA9B4A}.Debug|ARM.ActiveCfg = Debug|Any CPU
		{EAECE744-D37C-42CE-A981-9E6CC2FA9B4A}.Debug|ARM.Build.0 = Debug|Any CPU
		{EAECE744-D37C-42CE-A981-9E6CC2FA9B4A}.Debug|iPhone.ActiveCfg = Debug|Any CPU
		{EAECE744-D37C-42CE-A981-9E6CC2FA9B4A}.Debug|iPhone.Build.0 = Debug|Any CPU
		{EAECE744-D37C-42CE-A981-9E6CC2FA9B4A}.Debug|iPhoneSimulator.ActiveCfg = Debug|Any CPU
		{EAECE744-D37C-42CE-A981-9E6CC2FA9B4A}.Debug|iPhoneSimulator.Build.0 = Debug|Any CPU
		{EAECE744-D37C-42CE-A981-9E6CC2FA9B4A}.Debug|x64.ActiveCfg = Debug|Any CPU
		{EAECE744-D37C-42CE-A981-9E6CC2FA9B4A}.Debug|x64.Build.0 = Debug|Any CPU
		{EAECE744-D37C-42CE-A981-9E6CC2FA9B4A}.Debug|x86.ActiveCfg = Debug|Any CPU
		{EAECE744-D37C-42CE-A981-9E6CC2FA9B4A}.Debug|x86.Build.0 = Debug|Any CPU
		{EAECE744-D37C-42CE-A981-9E6CC2FA9B4A}.Release|Any CPU.ActiveCfg = Release|Any CPU
		{EAECE744-D37C-42CE-A981-9E6CC2FA9B4A}.Release|Any CPU.Build.0 = Release|Any CPU
		{EAECE744-D37C-42CE-A981-9E6CC2FA9B4A}.Release|ARM.ActiveCfg = Release|Any CPU
		{EAECE744-D37C-42CE-A981-9E6CC2FA9B4A}.Release|ARM.Build.0 = Release|Any CPU
		{EAECE744-D37C-42CE-A981-9E6CC2FA9B4A}.Release|iPhone.ActiveCfg = Release|Any CPU
		{EAECE744-D37C-42CE-A981-9E6CC2FA9B4A}.Release|iPhone.Build.0 = Release|Any CPU
		{EAECE744-D37C-42CE-A981-9E6CC2FA9B4A}.Release|iPhoneSimulator.ActiveCfg = Release|Any CPU
		{EAECE744-D37C-42CE-A981-9E6CC2FA9B4A}.Release|iPhoneSimulator.Build.0 = Release|Any CPU
		{EAECE744-D37C-42CE-A981-9E6CC2FA9B4A}.Release|x64.ActiveCfg = Release|Any CPU
		{EAECE744-D37C-42CE-A981-9E6CC2FA9B4A}.Release|x64.Build.0 = Release|Any CPU
		{EAECE744-D37C-42CE-A981-9E6CC2FA9B4A}.Release|x86.ActiveCfg = Release|Any CPU
		{EAECE744-D37C-42CE-A981-9E6CC2FA9B4A}.Release|x86.Build.0 = Release|Any CPU
	EndGlobalSection
	GlobalSection(SolutionProperties) = preSolution
		HideSolutionNode = FALSE
	EndGlobalSection
	GlobalSection(ExtensibilityGlobals) = postSolution
		SolutionGuid = {193BB987-9CFA-42C2-BC01-9CB80B6911D1}
	EndGlobalSection
EndGlobal
